schema: '2.0'
stages:
  parse_posts:
    cmd: python scripts/parse_posts.py data/posts.csv
    outs:
    - path: data/posts.csv
      hash: md5
      md5: 1b862b3173214a3b2e73c81ee518f532
      size: 5078560
  push_to_storage:
    cmd: python scripts/push_to_storage.py
    deps:
    - path: scripts/push_to_storage.py
      hash: md5
      md5: 075eb12c008cb2d108be25c9b8a7dd8e
      size: 1323
  posts_preprocessing:
    cmd: python scripts/posts_preprocessing.py data/posts.csv data/posts_prepared.csv
    outs:
    - path: data/posts_prepared.csv
      hash: md5
      md5: 2bd4b887fb436311729eae0ff822ffce
      size: 4792964
